// !$*UTF8*$!
{
	archiveVersion = 1;
	classes = {
	};
	objectVersion = 46;
	objects = {

/* Begin PBXBuildFile section */
		520B260C1F34997300137206 /* ApiManager.m in Sources */ = {isa = PBXBuildFile; fileRef = 520B260B1F34997300137206 /* ApiManager.m */; };
		520B260F1F34998000137206 /* ApiRequest.m in Sources */ = {isa = PBXBuildFile; fileRef = 520B260E1F34998000137206 /* ApiRequest.m */; };
		520B26121F34998F00137206 /* ApiResponse.m in Sources */ = {isa = PBXBuildFile; fileRef = 520B26111F34998F00137206 /* ApiResponse.m */; };
		5222ADBC1F4B02A200E65D3F /* ThumbImageTableViewCell.m in Sources */ = {isa = PBXBuildFile; fileRef = 5222ADBA1F4B02A200E65D3F /* ThumbImageTableViewCell.m */; };
		5222ADBD1F4B02A200E65D3F /* ThumbImageTableViewCell.xib in Resources */ = {isa = PBXBuildFile; fileRef = 5222ADBB1F4B02A200E65D3F /* ThumbImageTableViewCell.xib */; };
		5222ADC11F4B02B800E65D3F /* NameTableViewCell.m in Sources */ = {isa = PBXBuildFile; fileRef = 5222ADBF1F4B02B800E65D3F /* NameTableViewCell.m */; };
		5222ADC21F4B02B800E65D3F /* NameTableViewCell.xib in Resources */ = {isa = PBXBuildFile; fileRef = 5222ADC01F4B02B800E65D3F /* NameTableViewCell.xib */; };
		5222ADC61F4B02CF00E65D3F /* AddressTableViewCell.m in Sources */ = {isa = PBXBuildFile; fileRef = 5222ADC41F4B02CF00E65D3F /* AddressTableViewCell.m */; };
		5222ADC71F4B02CF00E65D3F /* AddressTableViewCell.xib in Resources */ = {isa = PBXBuildFile; fileRef = 5222ADC51F4B02CF00E65D3F /* AddressTableViewCell.xib */; };
		5222ADCB1F4B02DE00E65D3F /* PhoneTableViewCell.m in Sources */ = {isa = PBXBuildFile; fileRef = 5222ADC91F4B02DE00E65D3F /* PhoneTableViewCell.m */; };
		5222ADCC1F4B02DE00E65D3F /* PhoneTableViewCell.xib in Resources */ = {isa = PBXBuildFile; fileRef = 5222ADCA1F4B02DE00E65D3F /* PhoneTableViewCell.xib */; };
		5222ADD01F4B02EF00E65D3F /* DescriptionTableViewCell.m in Sources */ = {isa = PBXBuildFile; fileRef = 5222ADCE1F4B02EF00E65D3F /* DescriptionTableViewCell.m */; };
		5222ADD11F4B02EF00E65D3F /* DescriptionTableViewCell.xib in Resources */ = {isa = PBXBuildFile; fileRef = 5222ADCF1F4B02EF00E65D3F /* DescriptionTableViewCell.xib */; };
		5222ADD51F4B030200E65D3F /* LocationTableViewCell.m in Sources */ = {isa = PBXBuildFile; fileRef = 5222ADD31F4B030200E65D3F /* LocationTableViewCell.m */; };
		5222ADD61F4B030200E65D3F /* LocationTableViewCell.xib in Resources */ = {isa = PBXBuildFile; fileRef = 5222ADD41F4B030200E65D3F /* LocationTableViewCell.xib */; };
		5222ADDC1F4B0C3D00E65D3F /* SearchResultTableViewCell.m in Sources */ = {isa = PBXBuildFile; fileRef = 5222ADDB1F4B0C3D00E65D3F /* SearchResultTableViewCell.m */; };
		5222ADDF1F4B102600E65D3F /* HospitalThumbImage.m in Sources */ = {isa = PBXBuildFile; fileRef = 5222ADDE1F4B102600E65D3F /* HospitalThumbImage.m */; };
		5222ADE21F4B103400E65D3F /* HospitalName.m in Sources */ = {isa = PBXBuildFile; fileRef = 5222ADE11F4B103400E65D3F /* HospitalName.m */; };
		5222ADE51F4B104600E65D3F /* HospitalAddress.m in Sources */ = {isa = PBXBuildFile; fileRef = 5222ADE41F4B104600E65D3F /* HospitalAddress.m */; };
		5222ADE81F4B105200E65D3F /* HospitalPhone.m in Sources */ = {isa = PBXBuildFile; fileRef = 5222ADE71F4B105200E65D3F /* HospitalPhone.m */; };
		5222ADEB1F4B106500E65D3F /* HospitalDescription.m in Sources */ = {isa = PBXBuildFile; fileRef = 5222ADEA1F4B106500E65D3F /* HospitalDescription.m */; };
		5222ADEE1F4B107600E65D3F /* HospitalLocation.m in Sources */ = {isa = PBXBuildFile; fileRef = 5222ADED1F4B107600E65D3F /* HospitalLocation.m */; };
		523DC9C41F31F52200039835 /* AdvanceSearchViewController.m in Sources */ = {isa = PBXBuildFile; fileRef = 523DC9B01F31F52200039835 /* AdvanceSearchViewController.m */; };
		523DC9C51F31F52200039835 /* HomeViewController.m in Sources */ = {isa = PBXBuildFile; fileRef = 523DC9B31F31F52200039835 /* HomeViewController.m */; };
		523DC9C61F31F52200039835 /* DetailViewController.m in Sources */ = {isa = PBXBuildFile; fileRef = 523DC9B61F31F52200039835 /* DetailViewController.m */; };
		523DC9CD1F31F52200039835 /* SearchResultViewController.m in Sources */ = {isa = PBXBuildFile; fileRef = 523DC9C31F31F52200039835 /* SearchResultViewController.m */; };
		523DC9CF1F32001800039835 /* Home.storyboard in Resources */ = {isa = PBXBuildFile; fileRef = 523DC9CE1F32001800039835 /* Home.storyboard */; };
		5241C8721F2B5A4B00485790 /* main.m in Sources */ = {isa = PBXBuildFile; fileRef = 5241C8711F2B5A4B00485790 /* main.m */; };
		5241C87D1F2B5A4B00485790 /* Assets.xcassets in Resources */ = {isa = PBXBuildFile; fileRef = 5241C87C1F2B5A4B00485790 /* Assets.xcassets */; };
		5241C8801F2B5A4B00485790 /* LaunchScreen.storyboard in Resources */ = {isa = PBXBuildFile; fileRef = 5241C87E1F2B5A4B00485790 /* LaunchScreen.storyboard */; };
		5241C88A1F2B5AA800485790 /* AppDelegate.m in Sources */ = {isa = PBXBuildFile; fileRef = 5241C8891F2B5AA800485790 /* AppDelegate.m */; };
		5241C8931F2B5AF700485790 /* BaseViewController.m in Sources */ = {isa = PBXBuildFile; fileRef = 5241C8921F2B5AF700485790 /* BaseViewController.m */; };
		5241C8961F2B5B1100485790 /* BaseNavigationController.m in Sources */ = {isa = PBXBuildFile; fileRef = 5241C8951F2B5B1100485790 /* BaseNavigationController.m */; };
		5241C8991F2B5B2900485790 /* BaseTabBarController.m in Sources */ = {isa = PBXBuildFile; fileRef = 5241C8981F2B5B2900485790 /* BaseTabBarController.m */; };
		5241C8CE1F2B684D00485790 /* UIAlertController+Blocks.m in Sources */ = {isa = PBXBuildFile; fileRef = 5241C8C51F2B684D00485790 /* UIAlertController+Blocks.m */; };
		5241C8CF1F2B684D00485790 /* UIColor+Hex.m in Sources */ = {isa = PBXBuildFile; fileRef = 5241C8C71F2B684D00485790 /* UIColor+Hex.m */; };
		5241C8D01F2B684D00485790 /* UITextField+Padding.m in Sources */ = {isa = PBXBuildFile; fileRef = 5241C8C91F2B684D00485790 /* UITextField+Padding.m */; };
		5241C8D11F2B684D00485790 /* UIView+Nib.m in Sources */ = {isa = PBXBuildFile; fileRef = 5241C8CB1F2B684D00485790 /* UIView+Nib.m */; };
		5241C8D21F2B684D00485790 /* UIViewController+Storyboard.m in Sources */ = {isa = PBXBuildFile; fileRef = 5241C8CD1F2B684D00485790 /* UIViewController+Storyboard.m */; };
		524A55A11F3DE20E00DBAB4E /* HospitalSerializer.m in Sources */ = {isa = PBXBuildFile; fileRef = 524A55A01F3DE20E00DBAB4E /* HospitalSerializer.m */; };
		5250653D1F41D0B60011B517 /* CitySerializer.m in Sources */ = {isa = PBXBuildFile; fileRef = 5250653C1F41D0B60011B517 /* CitySerializer.m */; };
		529E375A1F2F5DD0004D114C /* Hospital.m in Sources */ = {isa = PBXBuildFile; fileRef = 529E37591F2F5DD0004D114C /* Hospital.m */; };
		529E37651F2F6C52004D114C /* HLTableView.m in Sources */ = {isa = PBXBuildFile; fileRef = 529E37601F2F6C52004D114C /* HLTableView.m */; };
		529E37661F2F6C52004D114C /* HLTableViewCell.m in Sources */ = {isa = PBXBuildFile; fileRef = 529E37621F2F6C52004D114C /* HLTableViewCell.m */; };
		529E37671F2F6C52004D114C /* HLTableViewSection.m in Sources */ = {isa = PBXBuildFile; fileRef = 529E37641F2F6C52004D114C /* HLTableViewSection.m */; };
		E8587EB5DC6E42F3A8A26A41 /* Pods_benhvien_app_simple.framework in Frameworks */ = {isa = PBXBuildFile; fileRef = 82CB3F7C591A4F53713EDDAF /* Pods_benhvien_app_simple.framework */; };
/* End PBXBuildFile section */

/* Begin PBXFileReference section */
		520B26091F34982300137206 /* ApiEndpoint.h */ = {isa = PBXFileReference; lastKnownFileType = sourcecode.c.h; path = ApiEndpoint.h; sourceTree = "<group>"; };
		520B260A1F34997300137206 /* ApiManager.h */ = {isa = PBXFileReference; fileEncoding = 4; lastKnownFileType = sourcecode.c.h; path = ApiManager.h; sourceTree = "<group>"; };
		520B260B1F34997300137206 /* ApiManager.m */ = {isa = PBXFileReference; fileEncoding = 4; lastKnownFileType = sourcecode.c.objc; path = ApiManager.m; sourceTree = "<group>"; };
		520B260D1F34998000137206 /* ApiRequest.h */ = {isa = PBXFileReference; fileEncoding = 4; lastKnownFileType = sourcecode.c.h; path = ApiRequest.h; sourceTree = "<group>"; };
		520B260E1F34998000137206 /* ApiRequest.m */ = {isa = PBXFileReference; fileEncoding = 4; lastKnownFileType = sourcecode.c.objc; path = ApiRequest.m; sourceTree = "<group>"; };
		520B26101F34998F00137206 /* ApiResponse.h */ = {isa = PBXFileReference; fileEncoding = 4; lastKnownFileType = sourcecode.c.h; path = ApiResponse.h; sourceTree = "<group>"; };
		520B26111F34998F00137206 /* ApiResponse.m */ = {isa = PBXFileReference; fileEncoding = 4; lastKnownFileType = sourcecode.c.objc; path = ApiResponse.m; sourceTree = "<group>"; };
		5222ADB91F4B02A200E65D3F /* ThumbImageTableViewCell.h */ = {isa = PBXFileReference; fileEncoding = 4; lastKnownFileType = sourcecode.c.h; path = ThumbImageTableViewCell.h; sourceTree = "<group>"; };
		5222ADBA1F4B02A200E65D3F /* ThumbImageTableViewCell.m */ = {isa = PBXFileReference; fileEncoding = 4; lastKnownFileType = sourcecode.c.objc; path = ThumbImageTableViewCell.m; sourceTree = "<group>"; };
		5222ADBB1F4B02A200E65D3F /* ThumbImageTableViewCell.xib */ = {isa = PBXFileReference; fileEncoding = 4; lastKnownFileType = file.xib; path = ThumbImageTableViewCell.xib; sourceTree = "<group>"; };
		5222ADBE1F4B02B800E65D3F /* NameTableViewCell.h */ = {isa = PBXFileReference; fileEncoding = 4; lastKnownFileType = sourcecode.c.h; path = NameTableViewCell.h; sourceTree = "<group>"; };
		5222ADBF1F4B02B800E65D3F /* NameTableViewCell.m */ = {isa = PBXFileReference; fileEncoding = 4; lastKnownFileType = sourcecode.c.objc; path = NameTableViewCell.m; sourceTree = "<group>"; };
		5222ADC01F4B02B800E65D3F /* NameTableViewCell.xib */ = {isa = PBXFileReference; fileEncoding = 4; lastKnownFileType = file.xib; path = NameTableViewCell.xib; sourceTree = "<group>"; };
		5222ADC31F4B02CF00E65D3F /* AddressTableViewCell.h */ = {isa = PBXFileReference; fileEncoding = 4; lastKnownFileType = sourcecode.c.h; path = AddressTableViewCell.h; sourceTree = "<group>"; };
		5222ADC41F4B02CF00E65D3F /* AddressTableViewCell.m */ = {isa = PBXFileReference; fileEncoding = 4; lastKnownFileType = sourcecode.c.objc; path = AddressTableViewCell.m; sourceTree = "<group>"; };
		5222ADC51F4B02CF00E65D3F /* AddressTableViewCell.xib */ = {isa = PBXFileReference; fileEncoding = 4; lastKnownFileType = file.xib; path = AddressTableViewCell.xib; sourceTree = "<group>"; };
		5222ADC81F4B02DE00E65D3F /* PhoneTableViewCell.h */ = {isa = PBXFileReference; fileEncoding = 4; lastKnownFileType = sourcecode.c.h; path = PhoneTableViewCell.h; sourceTree = "<group>"; };
		5222ADC91F4B02DE00E65D3F /* PhoneTableViewCell.m */ = {isa = PBXFileReference; fileEncoding = 4; lastKnownFileType = sourcecode.c.objc; path = PhoneTableViewCell.m; sourceTree = "<group>"; };
		5222ADCA1F4B02DE00E65D3F /* PhoneTableViewCell.xib */ = {isa = PBXFileReference; fileEncoding = 4; lastKnownFileType = file.xib; path = PhoneTableViewCell.xib; sourceTree = "<group>"; };
		5222ADCD1F4B02EF00E65D3F /* DescriptionTableViewCell.h */ = {isa = PBXFileReference; fileEncoding = 4; lastKnownFileType = sourcecode.c.h; path = DescriptionTableViewCell.h; sourceTree = "<group>"; };
		5222ADCE1F4B02EF00E65D3F /* DescriptionTableViewCell.m */ = {isa = PBXFileReference; fileEncoding = 4; lastKnownFileType = sourcecode.c.objc; path = DescriptionTableViewCell.m; sourceTree = "<group>"; };
		5222ADCF1F4B02EF00E65D3F /* DescriptionTableViewCell.xib */ = {isa = PBXFileReference; fileEncoding = 4; lastKnownFileType = file.xib; path = DescriptionTableViewCell.xib; sourceTree = "<group>"; };
		5222ADD21F4B030200E65D3F /* LocationTableViewCell.h */ = {isa = PBXFileReference; fileEncoding = 4; lastKnownFileType = sourcecode.c.h; path = LocationTableViewCell.h; sourceTree = "<group>"; };
		5222ADD31F4B030200E65D3F /* LocationTableViewCell.m */ = {isa = PBXFileReference; fileEncoding = 4; lastKnownFileType = sourcecode.c.objc; path = LocationTableViewCell.m; sourceTree = "<group>"; };
		5222ADD41F4B030200E65D3F /* LocationTableViewCell.xib */ = {isa = PBXFileReference; fileEncoding = 4; lastKnownFileType = file.xib; path = LocationTableViewCell.xib; sourceTree = "<group>"; };
		5222ADDA1F4B0C3D00E65D3F /* SearchResultTableViewCell.h */ = {isa = PBXFileReference; fileEncoding = 4; lastKnownFileType = sourcecode.c.h; path = SearchResultTableViewCell.h; sourceTree = "<group>"; };
		5222ADDB1F4B0C3D00E65D3F /* SearchResultTableViewCell.m */ = {isa = PBXFileReference; fileEncoding = 4; lastKnownFileType = sourcecode.c.objc; path = SearchResultTableViewCell.m; sourceTree = "<group>"; };
		5222ADDD1F4B102600E65D3F /* HospitalThumbImage.h */ = {isa = PBXFileReference; fileEncoding = 4; lastKnownFileType = sourcecode.c.h; path = HospitalThumbImage.h; sourceTree = "<group>"; };
		5222ADDE1F4B102600E65D3F /* HospitalThumbImage.m */ = {isa = PBXFileReference; fileEncoding = 4; lastKnownFileType = sourcecode.c.objc; path = HospitalThumbImage.m; sourceTree = "<group>"; };
		5222ADE01F4B103400E65D3F /* HospitalName.h */ = {isa = PBXFileReference; fileEncoding = 4; lastKnownFileType = sourcecode.c.h; path = HospitalName.h; sourceTree = "<group>"; };
		5222ADE11F4B103400E65D3F /* HospitalName.m */ = {isa = PBXFileReference; fileEncoding = 4; lastKnownFileType = sourcecode.c.objc; path = HospitalName.m; sourceTree = "<group>"; };
		5222ADE31F4B104600E65D3F /* HospitalAddress.h */ = {isa = PBXFileReference; fileEncoding = 4; lastKnownFileType = sourcecode.c.h; path = HospitalAddress.h; sourceTree = "<group>"; };
		5222ADE41F4B104600E65D3F /* HospitalAddress.m */ = {isa = PBXFileReference; fileEncoding = 4; lastKnownFileType = sourcecode.c.objc; path = HospitalAddress.m; sourceTree = "<group>"; };
		5222ADE61F4B105200E65D3F /* HospitalPhone.h */ = {isa = PBXFileReference; fileEncoding = 4; lastKnownFileType = sourcecode.c.h; path = HospitalPhone.h; sourceTree = "<group>"; };
		5222ADE71F4B105200E65D3F /* HospitalPhone.m */ = {isa = PBXFileReference; fileEncoding = 4; lastKnownFileType = sourcecode.c.objc; path = HospitalPhone.m; sourceTree = "<group>"; };
		5222ADE91F4B106500E65D3F /* HospitalDescription.h */ = {isa = PBXFileReference; fileEncoding = 4; lastKnownFileType = sourcecode.c.h; path = HospitalDescription.h; sourceTree = "<group>"; };
		5222ADEA1F4B106500E65D3F /* HospitalDescription.m */ = {isa = PBXFileReference; fileEncoding = 4; lastKnownFileType = sourcecode.c.objc; path = HospitalDescription.m; sourceTree = "<group>"; };
		5222ADEC1F4B107600E65D3F /* HospitalLocation.h */ = {isa = PBXFileReference; fileEncoding = 4; lastKnownFileType = sourcecode.c.h; path = HospitalLocation.h; sourceTree = "<group>"; };
		5222ADED1F4B107600E65D3F /* HospitalLocation.m */ = {isa = PBXFileReference; fileEncoding = 4; lastKnownFileType = sourcecode.c.objc; path = HospitalLocation.m; sourceTree = "<group>"; };
		523DC9AF1F31F52200039835 /* AdvanceSearchViewController.h */ = {isa = PBXFileReference; fileEncoding = 4; lastKnownFileType = sourcecode.c.h; path = AdvanceSearchViewController.h; sourceTree = "<group>"; };
		523DC9B01F31F52200039835 /* AdvanceSearchViewController.m */ = {isa = PBXFileReference; fileEncoding = 4; lastKnownFileType = sourcecode.c.objc; path = AdvanceSearchViewController.m; sourceTree = "<group>"; };
		523DC9B21F31F52200039835 /* HomeViewController.h */ = {isa = PBXFileReference; fileEncoding = 4; lastKnownFileType = sourcecode.c.h; path = HomeViewController.h; sourceTree = "<group>"; };
		523DC9B31F31F52200039835 /* HomeViewController.m */ = {isa = PBXFileReference; fileEncoding = 4; lastKnownFileType = sourcecode.c.objc; path = HomeViewController.m; sourceTree = "<group>"; };
		523DC9B51F31F52200039835 /* DetailViewController.h */ = {isa = PBXFileReference; fileEncoding = 4; lastKnownFileType = sourcecode.c.h; path = DetailViewController.h; sourceTree = "<group>"; };
		523DC9B61F31F52200039835 /* DetailViewController.m */ = {isa = PBXFileReference; fileEncoding = 4; lastKnownFileType = sourcecode.c.objc; path = DetailViewController.m; sourceTree = "<group>"; };
		523DC9C21F31F52200039835 /* SearchResultViewController.h */ = {isa = PBXFileReference; fileEncoding = 4; lastKnownFileType = sourcecode.c.h; path = SearchResultViewController.h; sourceTree = "<group>"; };
		523DC9C31F31F52200039835 /* SearchResultViewController.m */ = {isa = PBXFileReference; fileEncoding = 4; lastKnownFileType = sourcecode.c.objc; path = SearchResultViewController.m; sourceTree = "<group>"; };
		523DC9CE1F32001800039835 /* Home.storyboard */ = {isa = PBXFileReference; fileEncoding = 4; lastKnownFileType = file.storyboard; path = Home.storyboard; sourceTree = "<group>"; };
		5241C86D1F2B5A4B00485790 /* benhvien-app-simple.app */ = {isa = PBXFileReference; explicitFileType = wrapper.application; includeInIndex = 0; path = "benhvien-app-simple.app"; sourceTree = BUILT_PRODUCTS_DIR; };
		5241C8711F2B5A4B00485790 /* main.m */ = {isa = PBXFileReference; lastKnownFileType = sourcecode.c.objc; path = main.m; sourceTree = "<group>"; };
		5241C87C1F2B5A4B00485790 /* Assets.xcassets */ = {isa = PBXFileReference; lastKnownFileType = folder.assetcatalog; path = Assets.xcassets; sourceTree = "<group>"; };
		5241C87F1F2B5A4B00485790 /* Base */ = {isa = PBXFileReference; lastKnownFileType = file.storyboard; name = Base; path = Base.lproj/LaunchScreen.storyboard; sourceTree = "<group>"; };
		5241C8811F2B5A4B00485790 /* Info.plist */ = {isa = PBXFileReference; lastKnownFileType = text.plist.xml; path = Info.plist; sourceTree = "<group>"; };
		5241C8881F2B5AA800485790 /* AppDelegate.h */ = {isa = PBXFileReference; fileEncoding = 4; lastKnownFileType = sourcecode.c.h; path = AppDelegate.h; sourceTree = "<group>"; };
		5241C8891F2B5AA800485790 /* AppDelegate.m */ = {isa = PBXFileReference; fileEncoding = 4; lastKnownFileType = sourcecode.c.objc; path = AppDelegate.m; sourceTree = "<group>"; };
		5241C8911F2B5AF700485790 /* BaseViewController.h */ = {isa = PBXFileReference; fileEncoding = 4; lastKnownFileType = sourcecode.c.h; path = BaseViewController.h; sourceTree = "<group>"; };
		5241C8921F2B5AF700485790 /* BaseViewController.m */ = {isa = PBXFileReference; fileEncoding = 4; lastKnownFileType = sourcecode.c.objc; path = BaseViewController.m; sourceTree = "<group>"; };
		5241C8941F2B5B1100485790 /* BaseNavigationController.h */ = {isa = PBXFileReference; fileEncoding = 4; lastKnownFileType = sourcecode.c.h; path = BaseNavigationController.h; sourceTree = "<group>"; };
		5241C8951F2B5B1100485790 /* BaseNavigationController.m */ = {isa = PBXFileReference; fileEncoding = 4; lastKnownFileType = sourcecode.c.objc; path = BaseNavigationController.m; sourceTree = "<group>"; };
		5241C8971F2B5B2900485790 /* BaseTabBarController.h */ = {isa = PBXFileReference; fileEncoding = 4; lastKnownFileType = sourcecode.c.h; path = BaseTabBarController.h; sourceTree = "<group>"; };
		5241C8981F2B5B2900485790 /* BaseTabBarController.m */ = {isa = PBXFileReference; fileEncoding = 4; lastKnownFileType = sourcecode.c.objc; path = BaseTabBarController.m; sourceTree = "<group>"; };
		5241C8C41F2B684D00485790 /* UIAlertController+Blocks.h */ = {isa = PBXFileReference; fileEncoding = 4; lastKnownFileType = sourcecode.c.h; path = "UIAlertController+Blocks.h"; sourceTree = "<group>"; };
		5241C8C51F2B684D00485790 /* UIAlertController+Blocks.m */ = {isa = PBXFileReference; fileEncoding = 4; lastKnownFileType = sourcecode.c.objc; path = "UIAlertController+Blocks.m"; sourceTree = "<group>"; };
		5241C8C61F2B684D00485790 /* UIColor+Hex.h */ = {isa = PBXFileReference; fileEncoding = 4; lastKnownFileType = sourcecode.c.h; path = "UIColor+Hex.h"; sourceTree = "<group>"; };
		5241C8C71F2B684D00485790 /* UIColor+Hex.m */ = {isa = PBXFileReference; fileEncoding = 4; lastKnownFileType = sourcecode.c.objc; path = "UIColor+Hex.m"; sourceTree = "<group>"; };
		5241C8C81F2B684D00485790 /* UITextField+Padding.h */ = {isa = PBXFileReference; fileEncoding = 4; lastKnownFileType = sourcecode.c.h; path = "UITextField+Padding.h"; sourceTree = "<group>"; };
		5241C8C91F2B684D00485790 /* UITextField+Padding.m */ = {isa = PBXFileReference; fileEncoding = 4; lastKnownFileType = sourcecode.c.objc; path = "UITextField+Padding.m"; sourceTree = "<group>"; };
		5241C8CA1F2B684D00485790 /* UIView+Nib.h */ = {isa = PBXFileReference; fileEncoding = 4; lastKnownFileType = sourcecode.c.h; path = "UIView+Nib.h"; sourceTree = "<group>"; };
		5241C8CB1F2B684D00485790 /* UIView+Nib.m */ = {isa = PBXFileReference; fileEncoding = 4; lastKnownFileType = sourcecode.c.objc; path = "UIView+Nib.m"; sourceTree = "<group>"; };
		5241C8CC1F2B684D00485790 /* UIViewController+Storyboard.h */ = {isa = PBXFileReference; fileEncoding = 4; lastKnownFileType = sourcecode.c.h; path = "UIViewController+Storyboard.h"; sourceTree = "<group>"; };
		5241C8CD1F2B684D00485790 /* UIViewController+Storyboard.m */ = {isa = PBXFileReference; fileEncoding = 4; lastKnownFileType = sourcecode.c.objc; path = "UIViewController+Storyboard.m"; sourceTree = "<group>"; };
		524A559F1F3DE20E00DBAB4E /* HospitalSerializer.h */ = {isa = PBXFileReference; fileEncoding = 4; lastKnownFileType = sourcecode.c.h; path = HospitalSerializer.h; sourceTree = "<group>"; };
		524A55A01F3DE20E00DBAB4E /* HospitalSerializer.m */ = {isa = PBXFileReference; fileEncoding = 4; lastKnownFileType = sourcecode.c.objc; path = HospitalSerializer.m; sourceTree = "<group>"; };
		5250653B1F41D0B60011B517 /* CitySerializer.h */ = {isa = PBXFileReference; fileEncoding = 4; lastKnownFileType = sourcecode.c.h; path = CitySerializer.h; sourceTree = "<group>"; };
		5250653C1F41D0B60011B517 /* CitySerializer.m */ = {isa = PBXFileReference; fileEncoding = 4; lastKnownFileType = sourcecode.c.objc; path = CitySerializer.m; sourceTree = "<group>"; };
		529E37581F2F5DD0004D114C /* Hospital.h */ = {isa = PBXFileReference; fileEncoding = 4; lastKnownFileType = sourcecode.c.h; path = Hospital.h; sourceTree = "<group>"; };
		529E37591F2F5DD0004D114C /* Hospital.m */ = {isa = PBXFileReference; fileEncoding = 4; lastKnownFileType = sourcecode.c.objc; path = Hospital.m; sourceTree = "<group>"; };
		529E375F1F2F6C52004D114C /* HLTableView.h */ = {isa = PBXFileReference; fileEncoding = 4; lastKnownFileType = sourcecode.c.h; path = HLTableView.h; sourceTree = "<group>"; };
		529E37601F2F6C52004D114C /* HLTableView.m */ = {isa = PBXFileReference; fileEncoding = 4; lastKnownFileType = sourcecode.c.objc; path = HLTableView.m; sourceTree = "<group>"; };
		529E37611F2F6C52004D114C /* HLTableViewCell.h */ = {isa = PBXFileReference; fileEncoding = 4; lastKnownFileType = sourcecode.c.h; path = HLTableViewCell.h; sourceTree = "<group>"; };
		529E37621F2F6C52004D114C /* HLTableViewCell.m */ = {isa = PBXFileReference; fileEncoding = 4; lastKnownFileType = sourcecode.c.objc; path = HLTableViewCell.m; sourceTree = "<group>"; };
		529E37631F2F6C52004D114C /* HLTableViewSection.h */ = {isa = PBXFileReference; fileEncoding = 4; lastKnownFileType = sourcecode.c.h; path = HLTableViewSection.h; sourceTree = "<group>"; };
		529E37641F2F6C52004D114C /* HLTableViewSection.m */ = {isa = PBXFileReference; fileEncoding = 4; lastKnownFileType = sourcecode.c.objc; path = HLTableViewSection.m; sourceTree = "<group>"; };
		81F6CD847C76D23B95B5F4E2 /* Pods-benhvien-app-simple.release.xcconfig */ = {isa = PBXFileReference; includeInIndex = 1; lastKnownFileType = text.xcconfig; name = "Pods-benhvien-app-simple.release.xcconfig"; path = "Pods/Target Support Files/Pods-benhvien-app-simple/Pods-benhvien-app-simple.release.xcconfig"; sourceTree = "<group>"; };
		82CB3F7C591A4F53713EDDAF /* Pods_benhvien_app_simple.framework */ = {isa = PBXFileReference; explicitFileType = wrapper.framework; includeInIndex = 0; path = Pods_benhvien_app_simple.framework; sourceTree = BUILT_PRODUCTS_DIR; };
		BB0E70C6E08C0F752930F49A /* Pods-benhvien-app-simple.debug.xcconfig */ = {isa = PBXFileReference; includeInIndex = 1; lastKnownFileType = text.xcconfig; name = "Pods-benhvien-app-simple.debug.xcconfig"; path = "Pods/Target Support Files/Pods-benhvien-app-simple/Pods-benhvien-app-simple.debug.xcconfig"; sourceTree = "<group>"; };
/* End PBXFileReference section */

/* Begin PBXFrameworksBuildPhase section */
		5241C86A1F2B5A4A00485790 /* Frameworks */ = {
			isa = PBXFrameworksBuildPhase;
			buildActionMask = 2147483647;
			files = (
				E8587EB5DC6E42F3A8A26A41 /* Pods_benhvien_app_simple.framework in Frameworks */,
			);
			runOnlyForDeploymentPostprocessing = 0;
		};
/* End PBXFrameworksBuildPhase section */

/* Begin PBXGroup section */
		37CA68E06726E701A1625237 /* Frameworks */ = {
			isa = PBXGroup;
			children = (
				82CB3F7C591A4F53713EDDAF /* Pods_benhvien_app_simple.framework */,
			);
			name = Frameworks;
			sourceTree = "<group>";
		};
		520B26081F34981100137206 /* Api */ = {
			isa = PBXGroup;
			children = (
				520B26091F34982300137206 /* ApiEndpoint.h */,
				520B260A1F34997300137206 /* ApiManager.h */,
				520B260B1F34997300137206 /* ApiManager.m */,
				520B260D1F34998000137206 /* ApiRequest.h */,
				520B260E1F34998000137206 /* ApiRequest.m */,
				520B26101F34998F00137206 /* ApiResponse.h */,
				520B26111F34998F00137206 /* ApiResponse.m */,
			);
			path = Api;
			sourceTree = "<group>";
		};
		523DC9AE1F31F52200039835 /* AdvanceSearch */ = {
			isa = PBXGroup;
			children = (
				523DC9AF1F31F52200039835 /* AdvanceSearchViewController.h */,
				523DC9B01F31F52200039835 /* AdvanceSearchViewController.m */,
			);
			path = AdvanceSearch;
			sourceTree = "<group>";
		};
		523DC9B11F31F52200039835 /* Home */ = {
			isa = PBXGroup;
			children = (
				523DC9B21F31F52200039835 /* HomeViewController.h */,
				523DC9B31F31F52200039835 /* HomeViewController.m */,
			);
			path = Home;
			sourceTree = "<group>";
		};
		523DC9B41F31F52200039835 /* HospitalDetail */ = {
			isa = PBXGroup;
			children = (
				523DC9B51F31F52200039835 /* DetailViewController.h */,
				523DC9B61F31F52200039835 /* DetailViewController.m */,
				523DC9B71F31F52200039835 /* TableViewCell */,
			);
			path = HospitalDetail;
			sourceTree = "<group>";
		};
		523DC9B71F31F52200039835 /* TableViewCell */ = {
			isa = PBXGroup;
			children = (
				5222ADB91F4B02A200E65D3F /* ThumbImageTableViewCell.h */,
				5222ADBA1F4B02A200E65D3F /* ThumbImageTableViewCell.m */,
				5222ADBB1F4B02A200E65D3F /* ThumbImageTableViewCell.xib */,
				5222ADBE1F4B02B800E65D3F /* NameTableViewCell.h */,
				5222ADBF1F4B02B800E65D3F /* NameTableViewCell.m */,
				5222ADC01F4B02B800E65D3F /* NameTableViewCell.xib */,
				5222ADC31F4B02CF00E65D3F /* AddressTableViewCell.h */,
				5222ADC41F4B02CF00E65D3F /* AddressTableViewCell.m */,
				5222ADC51F4B02CF00E65D3F /* AddressTableViewCell.xib */,
				5222ADC81F4B02DE00E65D3F /* PhoneTableViewCell.h */,
				5222ADC91F4B02DE00E65D3F /* PhoneTableViewCell.m */,
				5222ADCA1F4B02DE00E65D3F /* PhoneTableViewCell.xib */,
				5222ADCD1F4B02EF00E65D3F /* DescriptionTableViewCell.h */,
				5222ADCE1F4B02EF00E65D3F /* DescriptionTableViewCell.m */,
				5222ADCF1F4B02EF00E65D3F /* DescriptionTableViewCell.xib */,
				5222ADD21F4B030200E65D3F /* LocationTableViewCell.h */,
				5222ADD31F4B030200E65D3F /* LocationTableViewCell.m */,
				5222ADD41F4B030200E65D3F /* LocationTableViewCell.xib */,
			);
			path = TableViewCell;
			sourceTree = "<group>";
		};
		523DC9C11F31F52200039835 /* SearchResult */ = {
			isa = PBXGroup;
			children = (
				523DC9C21F31F52200039835 /* SearchResultViewController.h */,
				523DC9C31F31F52200039835 /* SearchResultViewController.m */,
				5222ADDA1F4B0C3D00E65D3F /* SearchResultTableViewCell.h */,
				5222ADDB1F4B0C3D00E65D3F /* SearchResultTableViewCell.m */,
			);
			path = SearchResult;
			sourceTree = "<group>";
		};
		5241C8641F2B5A4A00485790 = {
			isa = PBXGroup;
			children = (
				5241C86F1F2B5A4B00485790 /* benhvien-app-simple */,
				5241C86E1F2B5A4B00485790 /* Products */,
				A0501A0932F0AC2276809DC0 /* Pods */,
				37CA68E06726E701A1625237 /* Frameworks */,
			);
			sourceTree = "<group>";
		};
		5241C86E1F2B5A4B00485790 /* Products */ = {
			isa = PBXGroup;
			children = (
				5241C86D1F2B5A4B00485790 /* benhvien-app-simple.app */,
			);
			name = Products;
			sourceTree = "<group>";
		};
		5241C86F1F2B5A4B00485790 /* benhvien-app-simple */ = {
			isa = PBXGroup;
			children = (
				524A559E1F3DE1F500DBAB4E /* Serializers */,
				520B26081F34981100137206 /* Api */,
				529E37561F2F5D99004D114C /* Model */,
				5241C8871F2B5AA800485790 /* App */,
				5241C88B1F2B5AAF00485790 /* ViewController */,
				5241C88E1F2B5ACE00485790 /* Storyboard */,
				5241C8C11F2B684D00485790 /* Libraries */,
				5241C87C1F2B5A4B00485790 /* Assets.xcassets */,
				5241C87E1F2B5A4B00485790 /* LaunchScreen.storyboard */,
				5241C8811F2B5A4B00485790 /* Info.plist */,
				5241C8701F2B5A4B00485790 /* Supporting Files */,
			);
			path = "benhvien-app-simple";
			sourceTree = "<group>";
		};
		5241C8701F2B5A4B00485790 /* Supporting Files */ = {
			isa = PBXGroup;
			children = (
				5241C8711F2B5A4B00485790 /* main.m */,
			);
			name = "Supporting Files";
			sourceTree = "<group>";
		};
		5241C8871F2B5AA800485790 /* App */ = {
			isa = PBXGroup;
			children = (
				5241C8881F2B5AA800485790 /* AppDelegate.h */,
				5241C8891F2B5AA800485790 /* AppDelegate.m */,
			);
			path = App;
			sourceTree = "<group>";
		};
		5241C88B1F2B5AAF00485790 /* ViewController */ = {
			isa = PBXGroup;
			children = (
				5241C88C1F2B5AAF00485790 /* Base */,
				5241C88D1F2B5AAF00485790 /* UI */,
			);
			path = ViewController;
			sourceTree = "<group>";
		};
		5241C88C1F2B5AAF00485790 /* Base */ = {
			isa = PBXGroup;
			children = (
				5241C8911F2B5AF700485790 /* BaseViewController.h */,
				5241C8921F2B5AF700485790 /* BaseViewController.m */,
				5241C8941F2B5B1100485790 /* BaseNavigationController.h */,
				5241C8951F2B5B1100485790 /* BaseNavigationController.m */,
				5241C8971F2B5B2900485790 /* BaseTabBarController.h */,
				5241C8981F2B5B2900485790 /* BaseTabBarController.m */,
			);
			path = Base;
			sourceTree = "<group>";
		};
		5241C88D1F2B5AAF00485790 /* UI */ = {
			isa = PBXGroup;
			children = (
				523DC9AE1F31F52200039835 /* AdvanceSearch */,
				523DC9B11F31F52200039835 /* Home */,
				523DC9B41F31F52200039835 /* HospitalDetail */,
				523DC9C11F31F52200039835 /* SearchResult */,
			);
			path = UI;
			sourceTree = "<group>";
		};
		5241C88E1F2B5ACE00485790 /* Storyboard */ = {
			isa = PBXGroup;
			children = (
				523DC9CE1F32001800039835 /* Home.storyboard */,
			);
			path = Storyboard;
			sourceTree = "<group>";
		};
		5241C8C11F2B684D00485790 /* Libraries */ = {
			isa = PBXGroup;
			children = (
				529E375E1F2F6C52004D114C /* Source */,
				5241C8C21F2B684D00485790 /* Categories */,
			);
			path = Libraries;
			sourceTree = "<group>";
		};
		5241C8C21F2B684D00485790 /* Categories */ = {
			isa = PBXGroup;
			children = (
				5241C8C31F2B684D00485790 /* UIAlertController-Blocks */,
				5241C8C61F2B684D00485790 /* UIColor+Hex.h */,
				5241C8C71F2B684D00485790 /* UIColor+Hex.m */,
				5241C8C81F2B684D00485790 /* UITextField+Padding.h */,
				5241C8C91F2B684D00485790 /* UITextField+Padding.m */,
				5241C8CA1F2B684D00485790 /* UIView+Nib.h */,
				5241C8CB1F2B684D00485790 /* UIView+Nib.m */,
				5241C8CC1F2B684D00485790 /* UIViewController+Storyboard.h */,
				5241C8CD1F2B684D00485790 /* UIViewController+Storyboard.m */,
			);
			path = Categories;
			sourceTree = "<group>";
		};
		5241C8C31F2B684D00485790 /* UIAlertController-Blocks */ = {
			isa = PBXGroup;
			children = (
				5241C8C41F2B684D00485790 /* UIAlertController+Blocks.h */,
				5241C8C51F2B684D00485790 /* UIAlertController+Blocks.m */,
			);
			path = "UIAlertController-Blocks";
			sourceTree = "<group>";
		};
		524A559E1F3DE1F500DBAB4E /* Serializers */ = {
			isa = PBXGroup;
			children = (
				524A559F1F3DE20E00DBAB4E /* HospitalSerializer.h */,
				524A55A01F3DE20E00DBAB4E /* HospitalSerializer.m */,
				5250653B1F41D0B60011B517 /* CitySerializer.h */,
				5250653C1F41D0B60011B517 /* CitySerializer.m */,
			);
			path = Serializers;
			sourceTree = "<group>";
		};
		529E37561F2F5D99004D114C /* Model */ = {
			isa = PBXGroup;
			children = (
				529E37581F2F5DD0004D114C /* Hospital.h */,
				529E37591F2F5DD0004D114C /* Hospital.m */,
				5222ADDD1F4B102600E65D3F /* HospitalThumbImage.h */,
				5222ADDE1F4B102600E65D3F /* HospitalThumbImage.m */,
				5222ADE01F4B103400E65D3F /* HospitalName.h */,
				5222ADE11F4B103400E65D3F /* HospitalName.m */,
				5222ADE31F4B104600E65D3F /* HospitalAddress.h */,
				5222ADE41F4B104600E65D3F /* HospitalAddress.m */,
				5222ADE61F4B105200E65D3F /* HospitalPhone.h */,
				5222ADE71F4B105200E65D3F /* HospitalPhone.m */,
				5222ADE91F4B106500E65D3F /* HospitalDescription.h */,
				5222ADEA1F4B106500E65D3F /* HospitalDescription.m */,
				5222ADEC1F4B107600E65D3F /* HospitalLocation.h */,
				5222ADED1F4B107600E65D3F /* HospitalLocation.m */,
			);
			path = Model;
			sourceTree = "<group>";
		};
		529E375E1F2F6C52004D114C /* Source */ = {
			isa = PBXGroup;
			children = (
				529E375F1F2F6C52004D114C /* HLTableView.h */,
				529E37601F2F6C52004D114C /* HLTableView.m */,
				529E37611F2F6C52004D114C /* HLTableViewCell.h */,
				529E37621F2F6C52004D114C /* HLTableViewCell.m */,
				529E37631F2F6C52004D114C /* HLTableViewSection.h */,
				529E37641F2F6C52004D114C /* HLTableViewSection.m */,
			);
			path = Source;
			sourceTree = "<group>";
		};
		A0501A0932F0AC2276809DC0 /* Pods */ = {
			isa = PBXGroup;
			children = (
				BB0E70C6E08C0F752930F49A /* Pods-benhvien-app-simple.debug.xcconfig */,
				81F6CD847C76D23B95B5F4E2 /* Pods-benhvien-app-simple.release.xcconfig */,
			);
			name = Pods;
			sourceTree = "<group>";
		};
/* End PBXGroup section */

/* Begin PBXNativeTarget section */
		5241C86C1F2B5A4A00485790 /* benhvien-app-simple */ = {
			isa = PBXNativeTarget;
			buildConfigurationList = 5241C8841F2B5A4B00485790 /* Build configuration list for PBXNativeTarget "benhvien-app-simple" */;
			buildPhases = (
				5224088FDA3E511DB04E66E5 /* [CP] Check Pods Manifest.lock */,
				5241C8691F2B5A4A00485790 /* Sources */,
				5241C86A1F2B5A4A00485790 /* Frameworks */,
				5241C86B1F2B5A4A00485790 /* Resources */,
				639E04E5EAACC6FCDA9D1D2C /* [CP] Embed Pods Frameworks */,
				BAC39672474A958E0AB47865 /* [CP] Copy Pods Resources */,
			);
			buildRules = (
			);
			dependencies = (
			);
			name = "benhvien-app-simple";
			productName = "benhvien-app-simple";
			productReference = 5241C86D1F2B5A4B00485790 /* benhvien-app-simple.app */;
			productType = "com.apple.product-type.application";
		};
/* End PBXNativeTarget section */

/* Begin PBXProject section */
		5241C8651F2B5A4A00485790 /* Project object */ = {
			isa = PBXProject;
			attributes = {
				LastUpgradeCheck = 0820;
				ORGANIZATIONNAME = test;
				TargetAttributes = {
					5241C86C1F2B5A4A00485790 = {
						CreatedOnToolsVersion = 8.2;
						ProvisioningStyle = Automatic;
					};
				};
			};
			buildConfigurationList = 5241C8681F2B5A4A00485790 /* Build configuration list for PBXProject "benhvien-app-simple" */;
			compatibilityVersion = "Xcode 3.2";
			developmentRegion = English;
			hasScannedForEncodings = 0;
			knownRegions = (
				en,
				Base,
			);
			mainGroup = 5241C8641F2B5A4A00485790;
			productRefGroup = 5241C86E1F2B5A4B00485790 /* Products */;
			projectDirPath = "";
			projectRoot = "";
			targets = (
				5241C86C1F2B5A4A00485790 /* benhvien-app-simple */,
			);
		};
/* End PBXProject section */

/* Begin PBXResourcesBuildPhase section */
		5241C86B1F2B5A4A00485790 /* Resources */ = {
			isa = PBXResourcesBuildPhase;
			buildActionMask = 2147483647;
			files = (
				5241C8801F2B5A4B00485790 /* LaunchScreen.storyboard in Resources */,
				523DC9CF1F32001800039835 /* Home.storyboard in Resources */,
				5222ADD61F4B030200E65D3F /* LocationTableViewCell.xib in Resources */,
				5222ADBD1F4B02A200E65D3F /* ThumbImageTableViewCell.xib in Resources */,
				5222ADCC1F4B02DE00E65D3F /* PhoneTableViewCell.xib in Resources */,
				5222ADD11F4B02EF00E65D3F /* DescriptionTableViewCell.xib in Resources */,
				5241C87D1F2B5A4B00485790 /* Assets.xcassets in Resources */,
				5222ADC71F4B02CF00E65D3F /* AddressTableViewCell.xib in Resources */,
				5222ADC21F4B02B800E65D3F /* NameTableViewCell.xib in Resources */,
			);
			runOnlyForDeploymentPostprocessing = 0;
		};
/* End PBXResourcesBuildPhase section */

/* Begin PBXShellScriptBuildPhase section */
		5224088FDA3E511DB04E66E5 /* [CP] Check Pods Manifest.lock */ = {
			isa = PBXShellScriptBuildPhase;
			buildActionMask = 2147483647;
			files = (
			);
			inputPaths = (
				"${PODS_PODFILE_DIR_PATH}/Podfile.lock",
				"${PODS_ROOT}/Manifest.lock",
			);
			name = "[CP] Check Pods Manifest.lock";
			outputPaths = (
				"$(DERIVED_FILE_DIR)/Pods-benhvien-app-simple-checkManifestLockResult.txt",
			);
			runOnlyForDeploymentPostprocessing = 0;
			shellPath = /bin/sh;
			shellScript = "diff \"${PODS_PODFILE_DIR_PATH}/Podfile.lock\" \"${PODS_ROOT}/Manifest.lock\" > /dev/null\nif [ $? != 0 ] ; then\n    # print error to STDERR\n    echo \"error: The sandbox is not in sync with the Podfile.lock. Run 'pod install' or update your CocoaPods installation.\" >&2\n    exit 1\nfi\n";
			showEnvVarsInLog = 0;
		};
		639E04E5EAACC6FCDA9D1D2C /* [CP] Embed Pods Frameworks */ = {
			isa = PBXShellScriptBuildPhase;
			buildActionMask = 2147483647;
			files = (
			);
			inputPaths = (
				"${SRCROOT}/Pods/Target Support Files/Pods-benhvien-app-simple/Pods-benhvien-app-simple-frameworks.sh",
				"${BUILT_PRODUCTS_DIR}/AFNetworking/AFNetworking.framework",
				"${BUILT_PRODUCTS_DIR}/IQDropDownTextField/IQDropDownTextField.framework",
				"${BUILT_PRODUCTS_DIR}/IQKeyboardManager/IQKeyboardManager.framework",
				"${BUILT_PRODUCTS_DIR}/KASlideShow/KASlideShow.framework",
				"${BUILT_PRODUCTS_DIR}/MBProgressHUD/MBProgressHUD.framework",
				"${BUILT_PRODUCTS_DIR}/PureLayout/PureLayout.framework",
				"${BUILT_PRODUCTS_DIR}/SDWebImage/SDWebImage.framework",
			);
			name = "[CP] Embed Pods Frameworks";
			outputPaths = (
				"${TARGET_BUILD_DIR}/${FRAMEWORKS_FOLDER_PATH}/AFNetworking.framework",
				"${TARGET_BUILD_DIR}/${FRAMEWORKS_FOLDER_PATH}/IQDropDownTextField.framework",
				"${TARGET_BUILD_DIR}/${FRAMEWORKS_FOLDER_PATH}/IQKeyboardManager.framework",
				"${TARGET_BUILD_DIR}/${FRAMEWORKS_FOLDER_PATH}/KASlideShow.framework",
				"${TARGET_BUILD_DIR}/${FRAMEWORKS_FOLDER_PATH}/MBProgressHUD.framework",
				"${TARGET_BUILD_DIR}/${FRAMEWORKS_FOLDER_PATH}/PureLayout.framework",
				"${TARGET_BUILD_DIR}/${FRAMEWORKS_FOLDER_PATH}/SDWebImage.framework",
			);
			runOnlyForDeploymentPostprocessing = 0;
			shellPath = /bin/sh;
			shellScript = "\"${SRCROOT}/Pods/Target Support Files/Pods-benhvien-app-simple/Pods-benhvien-app-simple-frameworks.sh\"\n";
			showEnvVarsInLog = 0;
		};
		BAC39672474A958E0AB47865 /* [CP] Copy Pods Resources */ = {
			isa = PBXShellScriptBuildPhase;
			buildActionMask = 2147483647;
			files = (
			);
			inputPaths = (
			);
			name = "[CP] Copy Pods Resources";
			outputPaths = (
			);
			runOnlyForDeploymentPostprocessing = 0;
			shellPath = /bin/sh;
			shellScript = "\"${SRCROOT}/Pods/Target Support Files/Pods-benhvien-app-simple/Pods-benhvien-app-simple-resources.sh\"\n";
			showEnvVarsInLog = 0;
		};
/* End PBXShellScriptBuildPhase section */

/* Begin PBXSourcesBuildPhase section */
		5241C8691F2B5A4A00485790 /* Sources */ = {
			isa = PBXSourcesBuildPhase;
			buildActionMask = 2147483647;
			files = (
				5241C8D01F2B684D00485790 /* UITextField+Padding.m in Sources */,
				520B26121F34998F00137206 /* ApiResponse.m in Sources */,
				5222ADEE1F4B107600E65D3F /* HospitalLocation.m in Sources */,
				529E37661F2F6C52004D114C /* HLTableViewCell.m in Sources */,
				523DC9C61F31F52200039835 /* DetailViewController.m in Sources */,
				5222ADD01F4B02EF00E65D3F /* DescriptionTableViewCell.m in Sources */,
				5241C8CE1F2B684D00485790 /* UIAlertController+Blocks.m in Sources */,
				5222ADE81F4B105200E65D3F /* HospitalPhone.m in Sources */,
				529E37651F2F6C52004D114C /* HLTableView.m in Sources */,
				5222ADEB1F4B106500E65D3F /* HospitalDescription.m in Sources */,
				5241C8D11F2B684D00485790 /* UIView+Nib.m in Sources */,
				5241C8991F2B5B2900485790 /* BaseTabBarController.m in Sources */,
				5241C8961F2B5B1100485790 /* BaseNavigationController.m in Sources */,
				520B260C1F34997300137206 /* ApiManager.m in Sources */,
				523DC9C51F31F52200039835 /* HomeViewController.m in Sources */,
				523DC9C41F31F52200039835 /* AdvanceSearchViewController.m in Sources */,
				5222ADC11F4B02B800E65D3F /* NameTableViewCell.m in Sources */,
				5222ADE21F4B103400E65D3F /* HospitalName.m in Sources */,
				520B260F1F34998000137206 /* ApiRequest.m in Sources */,
				523DC9CD1F31F52200039835 /* SearchResultViewController.m in Sources */,
				5241C88A1F2B5AA800485790 /* AppDelegate.m in Sources */,
				5222ADC61F4B02CF00E65D3F /* AddressTableViewCell.m in Sources */,
				529E37671F2F6C52004D114C /* HLTableViewSection.m in Sources */,
				5241C8931F2B5AF700485790 /* BaseViewController.m in Sources */,
				5222ADCB1F4B02DE00E65D3F /* PhoneTableViewCell.m in Sources */,
				5241C8D21F2B684D00485790 /* UIViewController+Storyboard.m in Sources */,
				5222ADDF1F4B102600E65D3F /* HospitalThumbImage.m in Sources */,
				5222ADBC1F4B02A200E65D3F /* ThumbImageTableViewCell.m in Sources */,
				529E375A1F2F5DD0004D114C /* Hospital.m in Sources */,
				5222ADDC1F4B0C3D00E65D3F /* SearchResultTableViewCell.m in Sources */,
				5222ADE51F4B104600E65D3F /* HospitalAddress.m in Sources */,
				5250653D1F41D0B60011B517 /* CitySerializer.m in Sources */,
				5241C8CF1F2B684D00485790 /* UIColor+Hex.m in Sources */,
				5222ADD51F4B030200E65D3F /* LocationTableViewCell.m in Sources */,
				524A55A11F3DE20E00DBAB4E /* HospitalSerializer.m in Sources */,
				5241C8721F2B5A4B00485790 /* main.m in Sources */,
			);
			runOnlyForDeploymentPostprocessing = 0;
		};
/* End PBXSourcesBuildPhase section */

/* Begin PBXVariantGroup section */
		5241C87E1F2B5A4B00485790 /* LaunchScreen.storyboard */ = {
			isa = PBXVariantGroup;
			children = (
				5241C87F1F2B5A4B00485790 /* Base */,
			);
			name = LaunchScreen.storyboard;
			sourceTree = "<group>";
		};
/* End PBXVariantGroup section */

/* Begin XCBuildConfiguration section */
		5241C8821F2B5A4B00485790 /* Debug */ = {
			isa = XCBuildConfiguration;
			buildSettings = {
				ALWAYS_SEARCH_USER_PATHS = NO;
				CLANG_ANALYZER_NONNULL = YES;
				CLANG_CXX_LANGUAGE_STANDARD = "gnu++0x";
				CLANG_CXX_LIBRARY = "libc++";
				CLANG_ENABLE_MODULES = YES;
				CLANG_ENABLE_OBJC_ARC = YES;
				CLANG_WARN_BOOL_CONVERSION = YES;
				CLANG_WARN_CONSTANT_CONVERSION = YES;
				CLANG_WARN_DIRECT_OBJC_ISA_USAGE = YES_ERROR;
				CLANG_WARN_DOCUMENTATION_COMMENTS = YES;
				CLANG_WARN_EMPTY_BODY = YES;
				CLANG_WARN_ENUM_CONVERSION = YES;
				CLANG_WARN_INFINITE_RECURSION = YES;
				CLANG_WARN_INT_CONVERSION = YES;
				CLANG_WARN_OBJC_ROOT_CLASS = YES_ERROR;
				CLANG_WARN_SUSPICIOUS_MOVE = YES;
				CLANG_WARN_UNREACHABLE_CODE = YES;
				CLANG_WARN__DUPLICATE_METHOD_MATCH = YES;
				"CODE_SIGN_IDENTITY[sdk=iphoneos*]" = "iPhone Developer";
				COPY_PHASE_STRIP = NO;
				DEBUG_INFORMATION_FORMAT = dwarf;
				ENABLE_STRICT_OBJC_MSGSEND = YES;
				ENABLE_TESTABILITY = YES;
				GCC_C_LANGUAGE_STANDARD = gnu99;
				GCC_DYNAMIC_NO_PIC = NO;
				GCC_NO_COMMON_BLOCKS = YES;
				GCC_OPTIMIZATION_LEVEL = 0;
				GCC_PREPROCESSOR_DEFINITIONS = (
					"DEBUG=1",
					"$(inherited)",
				);
				GCC_WARN_64_TO_32_BIT_CONVERSION = YES;
				GCC_WARN_ABOUT_RETURN_TYPE = YES_ERROR;
				GCC_WARN_UNDECLARED_SELECTOR = YES;
				GCC_WARN_UNINITIALIZED_AUTOS = YES_AGGRESSIVE;
				GCC_WARN_UNUSED_FUNCTION = YES;
				GCC_WARN_UNUSED_VARIABLE = YES;
				IPHONEOS_DEPLOYMENT_TARGET = 10.2;
				MTL_ENABLE_DEBUG_INFO = YES;
				ONLY_ACTIVE_ARCH = YES;
				SDKROOT = iphoneos;
			};
			name = Debug;
		};
		5241C8831F2B5A4B00485790 /* Release */ = {
			isa = XCBuildConfiguration;
			buildSettings = {
				ALWAYS_SEARCH_USER_PATHS = NO;
				CLANG_ANALYZER_NONNULL = YES;
				CLANG_CXX_LANGUAGE_STANDARD = "gnu++0x";
				CLANG_CXX_LIBRARY = "libc++";
				CLANG_ENABLE_MODULES = YES;
				CLANG_ENABLE_OBJC_ARC = YES;
				CLANG_WARN_BOOL_CONVERSION = YES;
				CLANG_WARN_CONSTANT_CONVERSION = YES;
				CLANG_WARN_DIRECT_OBJC_ISA_USAGE = YES_ERROR;
				CLANG_WARN_DOCUMENTATION_COMMENTS = YES;
				CLANG_WARN_EMPTY_BODY = YES;
				CLANG_WARN_ENUM_CONVERSION = YES;
				CLANG_WARN_INFINITE_RECURSION = YES;
				CLANG_WARN_INT_CONVERSION = YES;
				CLANG_WARN_OBJC_ROOT_CLASS = YES_ERROR;
				CLANG_WARN_SUSPICIOUS_MOVE = YES;
				CLANG_WARN_UNREACHABLE_CODE = YES;
				CLANG_WARN__DUPLICATE_METHOD_MATCH = YES;
				"CODE_SIGN_IDENTITY[sdk=iphoneos*]" = "iPhone Developer";
				COPY_PHASE_STRIP = NO;
				DEBUG_INFORMATION_FORMAT = "dwarf-with-dsym";
				ENABLE_NS_ASSERTIONS = NO;
				ENABLE_STRICT_OBJC_MSGSEND = YES;
				GCC_C_LANGUAGE_STANDARD = gnu99;
				GCC_NO_COMMON_BLOCKS = YES;
				GCC_WARN_64_TO_32_BIT_CONVERSION = YES;
				GCC_WARN_ABOUT_RETURN_TYPE = YES_ERROR;
				GCC_WARN_UNDECLARED_SELECTOR = YES;
				GCC_WARN_UNINITIALIZED_AUTOS = YES_AGGRESSIVE;
				GCC_WARN_UNUSED_FUNCTION = YES;
				GCC_WARN_UNUSED_VARIABLE = YES;
				IPHONEOS_DEPLOYMENT_TARGET = 10.2;
				MTL_ENABLE_DEBUG_INFO = NO;
				SDKROOT = iphoneos;
				VALIDATE_PRODUCT = YES;
			};
			name = Release;
		};
		5241C8851F2B5A4B00485790 /* Debug */ = {
			isa = XCBuildConfiguration;
			baseConfigurationReference = BB0E70C6E08C0F752930F49A /* Pods-benhvien-app-simple.debug.xcconfig */;
			buildSettings = {
				ASSETCATALOG_COMPILER_APPICON_NAME = AppIcon;
				INFOPLIST_FILE = "benhvien-app-simple/Info.plist";
				IPHONEOS_DEPLOYMENT_TARGET = 9.0;
				LD_RUNPATH_SEARCH_PATHS = "$(inherited) @executable_path/Frameworks";
				PRODUCT_BUNDLE_IDENTIFIER = "com.PhucNT.benhvien-app-simple";
				PRODUCT_NAME = "$(TARGET_NAME)";
			};
			name = Debug;
		};
		5241C8861F2B5A4B00485790 /* Release */ = {
			isa = XCBuildConfiguration;
			baseConfigurationReference = 81F6CD847C76D23B95B5F4E2 /* Pods-benhvien-app-simple.release.xcconfig */;
			buildSettings = {
				ASSETCATALOG_COMPILER_APPICON_NAME = AppIcon;
				INFOPLIST_FILE = "benhvien-app-simple/Info.plist";
				IPHONEOS_DEPLOYMENT_TARGET = 9.0;
				LD_RUNPATH_SEARCH_PATHS = "$(inherited) @executable_path/Frameworks";
				PRODUCT_BUNDLE_IDENTIFIER = "com.PhucNT.benhvien-app-simple";
				PRODUCT_NAME = "$(TARGET_NAME)";
			};
			name = Release;
		};
/* End XCBuildConfiguration section */

/* Begin XCConfigurationList section */
		5241C8681F2B5A4A00485790 /* Build configuration list for PBXProject "benhvien-app-simple" */ = {
			isa = XCConfigurationList;
			buildConfigurations = (
				5241C8821F2B5A4B00485790 /* Debug */,
				5241C8831F2B5A4B00485790 /* Release */,
			);
			defaultConfigurationIsVisible = 0;
			defaultConfigurationName = Release;
		};
		5241C8841F2B5A4B00485790 /* Build configuration list for PBXNativeTarget "benhvien-app-simple" */ = {
			isa = XCConfigurationList;
			buildConfigurations = (
				5241C8851F2B5A4B00485790 /* Debug */,
				5241C8861F2B5A4B00485790 /* Release */,
			);
			defaultConfigurationIsVisible = 0;
			defaultConfigurationName = Release;
		};
/* End XCConfigurationList section */
	};
	rootObject = 5241C8651F2B5A4A00485790 /* Project object */;
}
